
Microsoft Visual Studio Solution File, Format Version 12.00
# Visual Studio Version 17
VisualStudioVersion = 17.9.34728.123
MinimumVisualStudioVersion = 10.0.40219.1
Project("{FAE04EC0-301F-11D3-BF4B-00C04F79EFBC}") = "RickAndMorty3", "RickAndMorty3\RickAndMorty3.csproj", "{E6F46557-3297-4246-AD30-9F867EFCC6BC}"
EndProject
Global
	GlobalSection(SolutionConfigurationPlatforms) = preSolution
		Debug|Any CPU = Debug|Any CPU
		Release|Any CPU = Release|Any CPU
	EndGlobalSection
	GlobalSection(ProjectConfigurationPlatforms) = postSolution
		{E6F46557-3297-4246-AD30-9F867EFCC6BC}.Debug|Any CPU.ActiveCfg = Debug|Any CPU
		{E6F46557-3297-4246-AD30-9F867EFCC6BC}.Debug|Any CPU.Build.0 = Debug|Any CPU
		{E6F46557-3297-4246-AD30-9F867EFCC6BC}.Release|Any CPU.ActiveCfg = Release|Any CPU
		{E6F46557-3297-4246-AD30-9F867EFCC6BC}.Release|Any CPU.Build.0 = Release|Any CPU
	EndGlobalSection
	GlobalSection(SolutionProperties) = preSolution
		HideSolutionNode = FALSE
	EndGlobalSection
	GlobalSection(ExtensibilityGlobals) = postSolution
		SolutionGuid = {34661B97-AD52-4B3B-B040-D7464383945E}
	EndGlobalSection
EndGlobal
